
Microsoft Visual Studio Solution File, Format Version 12.00
# Visual Studio Version 16
VisualStudioVersion = 16.0.30804.86
MinimumVisualStudioVersion = 10.0.40219.1
Project("{FAE04EC0-301F-11D3-BF4B-00C04F79EFBC}") = "EmployeeDetails", "EmployeeDetails.csproj", "{00AEC519-AD0C-4930-9F1D-A566D6A85A8A}"
EndProject
Global
	GlobalSection(SolutionConfigurationPlatforms) = preSolution
		Debug|Any CPU = Debug|Any CPU
		Release|Any CPU = Release|Any CPU
	EndGlobalSection
	GlobalSection(ProjectConfigurationPlatforms) = postSolution
		{00AEC519-AD0C-4930-9F1D-A566D6A85A8A}.Debug|Any CPU.ActiveCfg = Debug|Any CPU
		{00AEC519-AD0C-4930-9F1D-A566D6A85A8A}.Debug|Any CPU.Build.0 = Debug|Any CPU
		{00AEC519-AD0C-4930-9F1D-A566D6A85A8A}.Release|Any CPU.ActiveCfg = Release|Any CPU
		{00AEC519-AD0C-4930-9F1D-A566D6A85A8A}.Release|Any CPU.Build.0 = Release|Any CPU
	EndGlobalSection
	GlobalSection(SolutionProperties) = preSolution
		HideSolutionNode = FALSE
	EndGlobalSection
	GlobalSection(ExtensibilityGlobals) = postSolution
		SolutionGuid = {F2BE1949-D421-4984-A141-B58B823BFA63}
	EndGlobalSection
EndGlobal
